
Microsoft Visual Studio Solution File, Format Version 12.00
# Visual Studio Version 17
VisualStudioVersion = 17.8.34330.188
MinimumVisualStudioVersion = 10.0.40219.1
Project("{9A19103F-16F7-4668-BE54-9A1E7A4F7556}") = "PizzaStore", "PizzaStore.csproj", "{1B1519B7-06E7-49DD-816B-3702F5B632CE}"
EndProject
Global
	GlobalSection(SolutionConfigurationPlatforms) = preSolution
		Debug|Any CPU = Debug|Any CPU
		Release|Any CPU = Release|Any CPU
	EndGlobalSection
	GlobalSection(ProjectConfigurationPlatforms) = postSolution
		{1B1519B7-06E7-49DD-816B-3702F5B632CE}.Debug|Any CPU.ActiveCfg = Debug|Any CPU
		{1B1519B7-06E7-49DD-816B-3702F5B632CE}.Debug|Any CPU.Build.0 = Debug|Any CPU
		{1B1519B7-06E7-49DD-816B-3702F5B632CE}.Release|Any CPU.ActiveCfg = Release|Any CPU
		{1B1519B7-06E7-49DD-816B-3702F5B632CE}.Release|Any CPU.Build.0 = Release|Any CPU
	EndGlobalSection
	GlobalSection(SolutionProperties) = preSolution
		HideSolutionNode = FALSE
	EndGlobalSection
	GlobalSection(ExtensibilityGlobals) = postSolution
		SolutionGuid = {863899FB-0C4F-437E-A39A-6D62EBCF948B}
	EndGlobalSection
EndGlobal
